// !$*UTF8*$!
{
	archiveVersion = 1;
	classes = {
	};
	objectVersion = 46;
	objects = {

/* Begin PBXBuildFile section */
		123061DB1527A30A00CBAC72 /* AnnotationInfo.h in Headers */ = {isa = PBXBuildFile; fileRef = 123061D81527A30A00CBAC72 /* AnnotationInfo.h */; };
		123061DC1527A30A00CBAC72 /* StoreAnnotation.h in Headers */ = {isa = PBXBuildFile; fileRef = 123061D91527A30A00CBAC72 /* StoreAnnotation.h */; };
		123061DD1527A30A00CBAC72 /* StoreAnnotation.m in Sources */ = {isa = PBXBuildFile; fileRef = 123061DA1527A30A00CBAC72 /* StoreAnnotation.m */; };
		123061DE1527A30A00CBAC72 /* StoreAnnotation.m in Sources */ = {isa = PBXBuildFile; fileRef = 123061DA1527A30A00CBAC72 /* StoreAnnotation.m */; };
		1272F2931521A16700B79652 /* Foundation.framework in Frameworks */ = {isa = PBXBuildFile; fileRef = 1272F2921521A16600B79652 /* Foundation.framework */; };
		1272F2991521A16700B79652 /* MealRestaurantLayer.m in Sources */ = {isa = PBXBuildFile; fileRef = 1272F2981521A16700B79652 /* MealRestaurantLayer.m */; };
		1272F2A11521A16700B79652 /* SenTestingKit.framework in Frameworks */ = {isa = PBXBuildFile; fileRef = 1272F2A01521A16700B79652 /* SenTestingKit.framework */; };
		1272F2A31521A16700B79652 /* UIKit.framework in Frameworks */ = {isa = PBXBuildFile; fileRef = 1272F2A21521A16700B79652 /* UIKit.framework */; };
		1272F2A41521A16700B79652 /* Foundation.framework in Frameworks */ = {isa = PBXBuildFile; fileRef = 1272F2921521A16600B79652 /* Foundation.framework */; };
		1272F2A71521A16700B79652 /* libMealRestaurantLayer.a in Frameworks */ = {isa = PBXBuildFile; fileRef = 1272F28F1521A16600B79652 /* libMealRestaurantLayer.a */; };
		1272F2AD1521A16700B79652 /* InfoPlist.strings in Resources */ = {isa = PBXBuildFile; fileRef = 1272F2AB1521A16700B79652 /* InfoPlist.strings */; };
		1272F2B01521A16700B79652 /* MealRestaurantLayerTests.m in Sources */ = {isa = PBXBuildFile; fileRef = 1272F2AF1521A16700B79652 /* MealRestaurantLayerTests.m */; };
		1272F2C41521A23600B79652 /* JSONConnection.h in Headers */ = {isa = PBXBuildFile; fileRef = 1272F2BB1521A23600B79652 /* JSONConnection.h */; };
		1272F2C51521A23600B79652 /* JSONConnection.m in Sources */ = {isa = PBXBuildFile; fileRef = 1272F2BC1521A23600B79652 /* JSONConnection.m */; };
		1272F2C61521A23600B79652 /* JSONConnection.m in Sources */ = {isa = PBXBuildFile; fileRef = 1272F2BC1521A23600B79652 /* JSONConnection.m */; };
		1272F2C71521A23600B79652 /* JSONObjectConverter.h in Headers */ = {isa = PBXBuildFile; fileRef = 1272F2BD1521A23600B79652 /* JSONObjectConverter.h */; };
		1272F2C81521A23600B79652 /* JSONObjectConverter.m in Sources */ = {isa = PBXBuildFile; fileRef = 1272F2BE1521A23600B79652 /* JSONObjectConverter.m */; };
		1272F2C91521A23600B79652 /* JSONObjectConverter.m in Sources */ = {isa = PBXBuildFile; fileRef = 1272F2BE1521A23600B79652 /* JSONObjectConverter.m */; };
		1272F2CA1521A23600B79652 /* RestaurantRequest.h in Headers */ = {isa = PBXBuildFile; fileRef = 1272F2BF1521A23600B79652 /* RestaurantRequest.h */; };
		1272F2CB1521A23600B79652 /* RestaurantRequest.m in Sources */ = {isa = PBXBuildFile; fileRef = 1272F2C01521A23600B79652 /* RestaurantRequest.m */; };
		1272F2CC1521A23600B79652 /* RestaurantRequest.m in Sources */ = {isa = PBXBuildFile; fileRef = 1272F2C01521A23600B79652 /* RestaurantRequest.m */; };
		1272F2CD1521A23600B79652 /* RestaurantFinder-Prefix.pch in Headers */ = {isa = PBXBuildFile; fileRef = 1272F2C11521A23600B79652 /* RestaurantFinder-Prefix.pch */; };
		1272F2CE1521A23600B79652 /* RestaurantFinder.h in Headers */ = {isa = PBXBuildFile; fileRef = 1272F2C21521A23600B79652 /* RestaurantFinder.h */; };
		1272F2CF1521A23600B79652 /* RestaurantFinder.m in Sources */ = {isa = PBXBuildFile; fileRef = 1272F2C31521A23600B79652 /* RestaurantFinder.m */; };
		1272F2D01521A23600B79652 /* RestaurantFinder.m in Sources */ = {isa = PBXBuildFile; fileRef = 1272F2C31521A23600B79652 /* RestaurantFinder.m */; };
		1272F2D81521A26800B79652 /* BatchTask.h in Headers */ = {isa = PBXBuildFile; fileRef = 1272F2D21521A26800B79652 /* BatchTask.h */; };
		1272F2D91521A26800B79652 /* BatchTask.m in Sources */ = {isa = PBXBuildFile; fileRef = 1272F2D31521A26800B79652 /* BatchTask.m */; };
		1272F2DA1521A26800B79652 /* BatchTask.m in Sources */ = {isa = PBXBuildFile; fileRef = 1272F2D31521A26800B79652 /* BatchTask.m */; };
		1272F2DB1521A26800B79652 /* BatchTaskScheduler.h in Headers */ = {isa = PBXBuildFile; fileRef = 1272F2D41521A26800B79652 /* BatchTaskScheduler.h */; };
		1272F2DC1521A26800B79652 /* BatchTaskScheduler.m in Sources */ = {isa = PBXBuildFile; fileRef = 1272F2D51521A26800B79652 /* BatchTaskScheduler.m */; };
		1272F2DD1521A26800B79652 /* BatchTaskScheduler.m in Sources */ = {isa = PBXBuildFile; fileRef = 1272F2D51521A26800B79652 /* BatchTaskScheduler.m */; };
		1272F2DE1521A26800B79652 /* Restaurant.h in Headers */ = {isa = PBXBuildFile; fileRef = 1272F2D61521A26800B79652 /* Restaurant.h */; };
		1272F2DF1521A26800B79652 /* Restaurant.m in Sources */ = {isa = PBXBuildFile; fileRef = 1272F2D71521A26800B79652 /* Restaurant.m */; };
		1272F2E01521A26800B79652 /* Restaurant.m in Sources */ = {isa = PBXBuildFile; fileRef = 1272F2D71521A26800B79652 /* Restaurant.m */; };
		1272F3161521AA5A00B79652 /* DataModel.xcdatamodeld in Sources */ = {isa = PBXBuildFile; fileRef = 1272F3071521AA5A00B79652 /* DataModel.xcdatamodeld */; };
		1272F3171521AA5A00B79652 /* DataModel.xcdatamodeld in Sources */ = {isa = PBXBuildFile; fileRef = 1272F3071521AA5A00B79652 /* DataModel.xcdatamodeld */; };
		1272F3181521AA5A00B79652 /* DataStore.h in Headers */ = {isa = PBXBuildFile; fileRef = 1272F3091521AA5A00B79652 /* DataStore.h */; };
		1272F3191521AA5A00B79652 /* DataStore.m in Sources */ = {isa = PBXBuildFile; fileRef = 1272F30A1521AA5A00B79652 /* DataStore.m */; };
		1272F31A1521AA5A00B79652 /* DataStore.m in Sources */ = {isa = PBXBuildFile; fileRef = 1272F30A1521AA5A00B79652 /* DataStore.m */; };
		1272F31B1521AA5A00B79652 /* DataStoreSeed.h in Headers */ = {isa = PBXBuildFile; fileRef = 1272F30B1521AA5A00B79652 /* DataStoreSeed.h */; };
		1272F31C1521AA5A00B79652 /* DietaryConstraint.h in Headers */ = {isa = PBXBuildFile; fileRef = 1272F30C1521AA5A00B79652 /* DietaryConstraint.h */; };
		1272F31D1521AA5A00B79652 /* DietaryConstraint.m in Sources */ = {isa = PBXBuildFile; fileRef = 1272F30D1521AA5A00B79652 /* DietaryConstraint.m */; };
		1272F31E1521AA5A00B79652 /* DietaryConstraint.m in Sources */ = {isa = PBXBuildFile; fileRef = 1272F30D1521AA5A00B79652 /* DietaryConstraint.m */; };
		1272F31F1521AA5A00B79652 /* MenuItem.h in Headers */ = {isa = PBXBuildFile; fileRef = 1272F30E1521AA5A00B79652 /* MenuItem.h */; };
		1272F3201521AA5A00B79652 /* MenuItem.m in Sources */ = {isa = PBXBuildFile; fileRef = 1272F30F1521AA5A00B79652 /* MenuItem.m */; };
		1272F3211521AA5A00B79652 /* MenuItem.m in Sources */ = {isa = PBXBuildFile; fileRef = 1272F30F1521AA5A00B79652 /* MenuItem.m */; };
		1272F3221521AA5A00B79652 /* MealGenerator.h in Headers */ = {isa = PBXBuildFile; fileRef = 1272F3111521AA5A00B79652 /* MealGenerator.h */; };
		1272F3231521AA5A00B79652 /* MealGenerator.m in Sources */ = {isa = PBXBuildFile; fileRef = 1272F3121521AA5A00B79652 /* MealGenerator.m */; };
		1272F3241521AA5A00B79652 /* MealGenerator.m in Sources */ = {isa = PBXBuildFile; fileRef = 1272F3121521AA5A00B79652 /* MealGenerator.m */; };
		1272F3251521AA5A00B79652 /* MealLibrary-Prefix.pch in Headers */ = {isa = PBXBuildFile; fileRef = 1272F3131521AA5A00B79652 /* MealLibrary-Prefix.pch */; };
		1272F3261521AA5A00B79652 /* MealLibrary.h in Headers */ = {isa = PBXBuildFile; fileRef = 1272F3141521AA5A00B79652 /* MealLibrary.h */; };
		1272F3271521AA5A00B79652 /* MealLibrary.m in Sources */ = {isa = PBXBuildFile; fileRef = 1272F3151521AA5A00B79652 /* MealLibrary.m */; };
		1272F3281521AA5A00B79652 /* MealLibrary.m in Sources */ = {isa = PBXBuildFile; fileRef = 1272F3151521AA5A00B79652 /* MealLibrary.m */; };
		1272F33A1521C3A000B79652 /* Meal.h in Headers */ = {isa = PBXBuildFile; fileRef = 1272F3381521C3A000B79652 /* Meal.h */; };
		1272F33B1521C3A000B79652 /* Meal.m in Sources */ = {isa = PBXBuildFile; fileRef = 1272F3391521C3A000B79652 /* Meal.m */; };
		1272F33C1521C3A000B79652 /* Meal.m in Sources */ = {isa = PBXBuildFile; fileRef = 1272F3391521C3A000B79652 /* Meal.m */; };
		1272F3AB15223C6800B79652 /* RestaurantDisambiguator.h in Headers */ = {isa = PBXBuildFile; fileRef = 1272F3A915223C6700B79652 /* RestaurantDisambiguator.h */; };
		1272F3AC15223C6800B79652 /* RestaurantDisambiguator.m in Sources */ = {isa = PBXBuildFile; fileRef = 1272F3AA15223C6700B79652 /* RestaurantDisambiguator.m */; };
		1272F3AD15223C6800B79652 /* RestaurantDisambiguator.m in Sources */ = {isa = PBXBuildFile; fileRef = 1272F3AA15223C6700B79652 /* RestaurantDisambiguator.m */; };
		1272F3B11522407F00B79652 /* RestaurantDisambiguatorTests.m in Sources */ = {isa = PBXBuildFile; fileRef = 1272F3B01522407F00B79652 /* RestaurantDisambiguatorTests.m */; };
		1272F3B315224E1000B79652 /* CoreLocation.framework in Frameworks */ = {isa = PBXBuildFile; fileRef = 1272F3B215224E1000B79652 /* CoreLocation.framework */; };
		1272F3B515224E1C00B79652 /* CoreData.framework in Frameworks */ = {isa = PBXBuildFile; fileRef = 1272F3B415224E1C00B79652 /* CoreData.framework */; };
		1272F3B615224E2600B79652 /* CoreLocation.framework in Frameworks */ = {isa = PBXBuildFile; fileRef = 1272F3B215224E1000B79652 /* CoreLocation.framework */; };
		1272F3B715224E2E00B79652 /* CoreData.framework in Frameworks */ = {isa = PBXBuildFile; fileRef = 1272F3B415224E1C00B79652 /* CoreData.framework */; };
		12994E0915410459000011F8 /* StaticDataStore.h in Headers */ = {isa = PBXBuildFile; fileRef = 12994E0715410459000011F8 /* StaticDataStore.h */; };
		12994E0A15410459000011F8 /* StaticDataStore.m in Sources */ = {isa = PBXBuildFile; fileRef = 12994E0815410459000011F8 /* StaticDataStore.m */; };
		12994E0B15410459000011F8 /* StaticDataStore.m in Sources */ = {isa = PBXBuildFile; fileRef = 12994E0815410459000011F8 /* StaticDataStore.m */; };
		12994E0E154104C6000011F8 /* meals_only_nutrition.csv in Resources */ = {isa = PBXBuildFile; fileRef = 12994E0D154104C6000011F8 /* meals_only_nutrition.csv */; };
		129B565C1538087500CF2F0D /* chain_nutrition.csv in Resources */ = {isa = PBXBuildFile; fileRef = 129B565A1538087500CF2F0D /* chain_nutrition.csv */; };
		129B565D1538087500CF2F0D /* MealLibrary.sqlite in Resources */ = {isa = PBXBuildFile; fileRef = 129B565B1538087500CF2F0D /* MealLibrary.sqlite */; };
		12A690631532B14900A60767 /* QualitativeDietaryConstraint.h in Headers */ = {isa = PBXBuildFile; fileRef = 12A690611532B14900A60767 /* QualitativeDietaryConstraint.h */; };
		12A690641532B14900A60767 /* QualitativeDietaryConstraint.m in Sources */ = {isa = PBXBuildFile; fileRef = 12A690621532B14900A60767 /* QualitativeDietaryConstraint.m */; };
		12A690651532B14900A60767 /* QualitativeDietaryConstraint.m in Sources */ = {isa = PBXBuildFile; fileRef = 12A690621532B14900A60767 /* QualitativeDietaryConstraint.m */; };
		12D3B23315475B6B00BE7760 /* GraphSearch.h in Headers */ = {isa = PBXBuildFile; fileRef = 12D3B22F15475B6B00BE7760 /* GraphSearch.h */; };
		12D3B23415475B6B00BE7760 /* GraphSearch.m in Sources */ = {isa = PBXBuildFile; fileRef = 12D3B23015475B6B00BE7760 /* GraphSearch.m */; };
		12D3B23515475B6B00BE7760 /* GraphSearch.m in Sources */ = {isa = PBXBuildFile; fileRef = 12D3B23015475B6B00BE7760 /* GraphSearch.m */; };
		12D3B23615475B6B00BE7760 /* MealNode.h in Headers */ = {isa = PBXBuildFile; fileRef = 12D3B23115475B6B00BE7760 /* MealNode.h */; };
		12D3B23715475B6B00BE7760 /* MealNode.m in Sources */ = {isa = PBXBuildFile; fileRef = 12D3B23215475B6B00BE7760 /* MealNode.m */; };
		12D3B23815475B6B00BE7760 /* MealNode.m in Sources */ = {isa = PBXBuildFile; fileRef = 12D3B23215475B6B00BE7760 /* MealNode.m */; };
		12D3B23C15475CCD00BE7760 /* Diet.h in Headers */ = {isa = PBXBuildFile; fileRef = 12D3B23A15475CCD00BE7760 /* Diet.h */; };
		12D3B23D15475CCD00BE7760 /* Diet.m in Sources */ = {isa = PBXBuildFile; fileRef = 12D3B23B15475CCD00BE7760 /* Diet.m */; };
		12D3B23E15475CCD00BE7760 /* Diet.m in Sources */ = {isa = PBXBuildFile; fileRef = 12D3B23B15475CCD00BE7760 /* Diet.m */; };
		12D3B24215475D3F00BE7760 /* SortedSet.h in Headers */ = {isa = PBXBuildFile; fileRef = 12D3B24015475D3F00BE7760 /* SortedSet.h */; };
		12D3B24315475D3F00BE7760 /* SortedSet.m in Sources */ = {isa = PBXBuildFile; fileRef = 12D3B24115475D3F00BE7760 /* SortedSet.m */; };
		12D3B24415475D3F00BE7760 /* SortedSet.m in Sources */ = {isa = PBXBuildFile; fileRef = 12D3B24115475D3F00BE7760 /* SortedSet.m */; };
/* End PBXBuildFile section */

/* Begin PBXContainerItemProxy section */
		1272F2A51521A16700B79652 /* PBXContainerItemProxy */ = {
			isa = PBXContainerItemProxy;
			containerPortal = 1272F2861521A16600B79652 /* Project object */;
			proxyType = 1;
			remoteGlobalIDString = 1272F28E1521A16600B79652;
			remoteInfo = MealRestaurantLayer;
		};
/* End PBXContainerItemProxy section */

/* Begin PBXFileReference section */
		123061D81527A30A00CBAC72 /* AnnotationInfo.h */ = {isa = PBXFileReference; fileEncoding = 4; lastKnownFileType = sourcecode.c.h; name = AnnotationInfo.h; path = ../../GUI/MealFinder/MealFinder/implementation/AnnotationInfo.h; sourceTree = "<group>"; };
		123061D91527A30A00CBAC72 /* StoreAnnotation.h */ = {isa = PBXFileReference; fileEncoding = 4; lastKnownFileType = sourcecode.c.h; name = StoreAnnotation.h; path = ../../GUI/MealFinder/MealFinder/implementation/StoreAnnotation.h; sourceTree = "<group>"; };
		123061DA1527A30A00CBAC72 /* StoreAnnotation.m */ = {isa = PBXFileReference; fileEncoding = 4; lastKnownFileType = sourcecode.c.objc; name = StoreAnnotation.m; path = ../../GUI/MealFinder/MealFinder/implementation/StoreAnnotation.m; sourceTree = "<group>"; };
		1272F28F1521A16600B79652 /* libMealRestaurantLayer.a */ = {isa = PBXFileReference; explicitFileType = archive.ar; includeInIndex = 0; path = libMealRestaurantLayer.a; sourceTree = BUILT_PRODUCTS_DIR; };
		1272F2921521A16600B79652 /* Foundation.framework */ = {isa = PBXFileReference; lastKnownFileType = wrapper.framework; name = Foundation.framework; path = System/Library/Frameworks/Foundation.framework; sourceTree = SDKROOT; };
		1272F2961521A16700B79652 /* MealRestaurantLayer-Prefix.pch */ = {isa = PBXFileReference; lastKnownFileType = sourcecode.c.h; path = "MealRestaurantLayer-Prefix.pch"; sourceTree = "<group>"; };
		1272F2971521A16700B79652 /* MealRestaurantLayer.h */ = {isa = PBXFileReference; lastKnownFileType = sourcecode.c.h; path = MealRestaurantLayer.h; sourceTree = "<group>"; };
		1272F2981521A16700B79652 /* MealRestaurantLayer.m */ = {isa = PBXFileReference; lastKnownFileType = sourcecode.c.objc; path = MealRestaurantLayer.m; sourceTree = "<group>"; };
		1272F29F1521A16700B79652 /* MealRestaurantLayerTests.octest */ = {isa = PBXFileReference; explicitFileType = wrapper.cfbundle; includeInIndex = 0; path = MealRestaurantLayerTests.octest; sourceTree = BUILT_PRODUCTS_DIR; };
		1272F2A01521A16700B79652 /* SenTestingKit.framework */ = {isa = PBXFileReference; lastKnownFileType = wrapper.framework; name = SenTestingKit.framework; path = Library/Frameworks/SenTestingKit.framework; sourceTree = DEVELOPER_DIR; };
		1272F2A21521A16700B79652 /* UIKit.framework */ = {isa = PBXFileReference; lastKnownFileType = wrapper.framework; name = UIKit.framework; path = Library/Frameworks/UIKit.framework; sourceTree = DEVELOPER_DIR; };
		1272F2AA1521A16700B79652 /* MealRestaurantLayerTests-Info.plist */ = {isa = PBXFileReference; lastKnownFileType = text.plist.xml; path = "MealRestaurantLayerTests-Info.plist"; sourceTree = "<group>"; };
		1272F2AC1521A16700B79652 /* en */ = {isa = PBXFileReference; lastKnownFileType = text.plist.strings; name = en; path = en.lproj/InfoPlist.strings; sourceTree = "<group>"; };
		1272F2AE1521A16700B79652 /* MealRestaurantLayerTests.h */ = {isa = PBXFileReference; lastKnownFileType = sourcecode.c.h; path = MealRestaurantLayerTests.h; sourceTree = "<group>"; };
		1272F2AF1521A16700B79652 /* MealRestaurantLayerTests.m */ = {isa = PBXFileReference; lastKnownFileType = sourcecode.c.objc; path = MealRestaurantLayerTests.m; sourceTree = "<group>"; };
		1272F2BB1521A23600B79652 /* JSONConnection.h */ = {isa = PBXFileReference; fileEncoding = 4; lastKnownFileType = sourcecode.c.h; path = JSONConnection.h; sourceTree = "<group>"; };
		1272F2BC1521A23600B79652 /* JSONConnection.m */ = {isa = PBXFileReference; fileEncoding = 4; lastKnownFileType = sourcecode.c.objc; path = JSONConnection.m; sourceTree = "<group>"; };
		1272F2BD1521A23600B79652 /* JSONObjectConverter.h */ = {isa = PBXFileReference; fileEncoding = 4; lastKnownFileType = sourcecode.c.h; path = JSONObjectConverter.h; sourceTree = "<group>"; };
		1272F2BE1521A23600B79652 /* JSONObjectConverter.m */ = {isa = PBXFileReference; fileEncoding = 4; lastKnownFileType = sourcecode.c.objc; path = JSONObjectConverter.m; sourceTree = "<group>"; };
		1272F2BF1521A23600B79652 /* RestaurantRequest.h */ = {isa = PBXFileReference; fileEncoding = 4; lastKnownFileType = sourcecode.c.h; path = RestaurantRequest.h; sourceTree = "<group>"; };
		1272F2C01521A23600B79652 /* RestaurantRequest.m */ = {isa = PBXFileReference; fileEncoding = 4; lastKnownFileType = sourcecode.c.objc; path = RestaurantRequest.m; sourceTree = "<group>"; };
		1272F2C11521A23600B79652 /* RestaurantFinder-Prefix.pch */ = {isa = PBXFileReference; fileEncoding = 4; lastKnownFileType = sourcecode.c.h; path = "RestaurantFinder-Prefix.pch"; sourceTree = "<group>"; };
		1272F2C21521A23600B79652 /* RestaurantFinder.h */ = {isa = PBXFileReference; fileEncoding = 4; lastKnownFileType = sourcecode.c.h; path = RestaurantFinder.h; sourceTree = "<group>"; };
		1272F2C31521A23600B79652 /* RestaurantFinder.m */ = {isa = PBXFileReference; fileEncoding = 4; lastKnownFileType = sourcecode.c.objc; path = RestaurantFinder.m; sourceTree = "<group>"; };
		1272F2D21521A26800B79652 /* BatchTask.h */ = {isa = PBXFileReference; fileEncoding = 4; lastKnownFileType = sourcecode.c.h; path = BatchTask.h; sourceTree = "<group>"; };
		1272F2D31521A26800B79652 /* BatchTask.m */ = {isa = PBXFileReference; fileEncoding = 4; lastKnownFileType = sourcecode.c.objc; path = BatchTask.m; sourceTree = "<group>"; };
		1272F2D41521A26800B79652 /* BatchTaskScheduler.h */ = {isa = PBXFileReference; fileEncoding = 4; lastKnownFileType = sourcecode.c.h; path = BatchTaskScheduler.h; sourceTree = "<group>"; };
		1272F2D51521A26800B79652 /* BatchTaskScheduler.m */ = {isa = PBXFileReference; fileEncoding = 4; lastKnownFileType = sourcecode.c.objc; path = BatchTaskScheduler.m; sourceTree = "<group>"; };
		1272F2D61521A26800B79652 /* Restaurant.h */ = {isa = PBXFileReference; fileEncoding = 4; lastKnownFileType = sourcecode.c.h; path = Restaurant.h; sourceTree = "<group>"; };
		1272F2D71521A26800B79652 /* Restaurant.m */ = {isa = PBXFileReference; fileEncoding = 4; lastKnownFileType = sourcecode.c.objc; path = Restaurant.m; sourceTree = "<group>"; };
		1272F3081521AA5A00B79652 /* DataModel.xcdatamodel */ = {isa = PBXFileReference; lastKnownFileType = wrapper.xcdatamodel; path = DataModel.xcdatamodel; sourceTree = "<group>"; };
		1272F3091521AA5A00B79652 /* DataStore.h */ = {isa = PBXFileReference; fileEncoding = 4; lastKnownFileType = sourcecode.c.h; path = DataStore.h; sourceTree = "<group>"; };
		1272F30A1521AA5A00B79652 /* DataStore.m */ = {isa = PBXFileReference; fileEncoding = 4; lastKnownFileType = sourcecode.c.objc; path = DataStore.m; sourceTree = "<group>"; };
		1272F30B1521AA5A00B79652 /* DataStoreSeed.h */ = {isa = PBXFileReference; fileEncoding = 4; lastKnownFileType = sourcecode.c.h; path = DataStoreSeed.h; sourceTree = "<group>"; };
		1272F30C1521AA5A00B79652 /* DietaryConstraint.h */ = {isa = PBXFileReference; fileEncoding = 4; lastKnownFileType = sourcecode.c.h; path = DietaryConstraint.h; sourceTree = "<group>"; };
		1272F30D1521AA5A00B79652 /* DietaryConstraint.m */ = {isa = PBXFileReference; fileEncoding = 4; lastKnownFileType = sourcecode.c.objc; path = DietaryConstraint.m; sourceTree = "<group>"; };
		1272F30E1521AA5A00B79652 /* MenuItem.h */ = {isa = PBXFileReference; fileEncoding = 4; lastKnownFileType = sourcecode.c.h; path = MenuItem.h; sourceTree = "<group>"; };
		1272F30F1521AA5A00B79652 /* MenuItem.m */ = {isa = PBXFileReference; fileEncoding = 4; lastKnownFileType = sourcecode.c.objc; path = MenuItem.m; sourceTree = "<group>"; };
		1272F3111521AA5A00B79652 /* MealGenerator.h */ = {isa = PBXFileReference; fileEncoding = 4; lastKnownFileType = sourcecode.c.h; path = MealGenerator.h; sourceTree = "<group>"; };
		1272F3121521AA5A00B79652 /* MealGenerator.m */ = {isa = PBXFileReference; fileEncoding = 4; lastKnownFileType = sourcecode.c.objc; path = MealGenerator.m; sourceTree = "<group>"; };
		1272F3131521AA5A00B79652 /* MealLibrary-Prefix.pch */ = {isa = PBXFileReference; fileEncoding = 4; lastKnownFileType = sourcecode.c.h; path = "MealLibrary-Prefix.pch"; sourceTree = "<group>"; };
		1272F3141521AA5A00B79652 /* MealLibrary.h */ = {isa = PBXFileReference; fileEncoding = 4; lastKnownFileType = sourcecode.c.h; path = MealLibrary.h; sourceTree = "<group>"; };
		1272F3151521AA5A00B79652 /* MealLibrary.m */ = {isa = PBXFileReference; fileEncoding = 4; lastKnownFileType = sourcecode.c.objc; path = MealLibrary.m; sourceTree = "<group>"; };
		1272F3381521C3A000B79652 /* Meal.h */ = {isa = PBXFileReference; fileEncoding = 4; lastKnownFileType = sourcecode.c.h; path = Meal.h; sourceTree = "<group>"; };
		1272F3391521C3A000B79652 /* Meal.m */ = {isa = PBXFileReference; fileEncoding = 4; lastKnownFileType = sourcecode.c.objc; path = Meal.m; sourceTree = "<group>"; };
		1272F3A915223C6700B79652 /* RestaurantDisambiguator.h */ = {isa = PBXFileReference; fileEncoding = 4; lastKnownFileType = sourcecode.c.h; path = RestaurantDisambiguator.h; sourceTree = "<group>"; };
		1272F3AA15223C6700B79652 /* RestaurantDisambiguator.m */ = {isa = PBXFileReference; fileEncoding = 4; lastKnownFileType = sourcecode.c.objc; path = RestaurantDisambiguator.m; sourceTree = "<group>"; };
		1272F3AF1522407F00B79652 /* RestaurantDisambiguatorTests.h */ = {isa = PBXFileReference; fileEncoding = 4; lastKnownFileType = sourcecode.c.h; path = RestaurantDisambiguatorTests.h; sourceTree = "<group>"; };
		1272F3B01522407F00B79652 /* RestaurantDisambiguatorTests.m */ = {isa = PBXFileReference; fileEncoding = 4; lastKnownFileType = sourcecode.c.objc; path = RestaurantDisambiguatorTests.m; sourceTree = "<group>"; };
		1272F3B215224E1000B79652 /* CoreLocation.framework */ = {isa = PBXFileReference; lastKnownFileType = wrapper.framework; name = CoreLocation.framework; path = System/Library/Frameworks/CoreLocation.framework; sourceTree = SDKROOT; };
		1272F3B415224E1C00B79652 /* CoreData.framework */ = {isa = PBXFileReference; lastKnownFileType = wrapper.framework; name = CoreData.framework; path = System/Library/Frameworks/CoreData.framework; sourceTree = SDKROOT; };
		12994E0715410459000011F8 /* StaticDataStore.h */ = {isa = PBXFileReference; fileEncoding = 4; lastKnownFileType = sourcecode.c.h; path = StaticDataStore.h; sourceTree = "<group>"; };
		12994E0815410459000011F8 /* StaticDataStore.m */ = {isa = PBXFileReference; fileEncoding = 4; lastKnownFileType = sourcecode.c.objc; path = StaticDataStore.m; sourceTree = "<group>"; };
		12994E0D154104C6000011F8 /* meals_only_nutrition.csv */ = {isa = PBXFileReference; fileEncoding = 4; lastKnownFileType = text; name = meals_only_nutrition.csv; path = ../../MealLibrary/MealLibraryTests/MealGenerator/meals_only_nutrition.csv; sourceTree = "<group>"; };
		129B565A1538087500CF2F0D /* chain_nutrition.csv */ = {isa = PBXFileReference; fileEncoding = 4; lastKnownFileType = text; path = chain_nutrition.csv; sourceTree = "<group>"; };
		129B565B1538087500CF2F0D /* MealLibrary.sqlite */ = {isa = PBXFileReference; lastKnownFileType = file; path = MealLibrary.sqlite; sourceTree = "<group>"; };
		12A690611532B14900A60767 /* QualitativeDietaryConstraint.h */ = {isa = PBXFileReference; fileEncoding = 4; lastKnownFileType = sourcecode.c.h; path = QualitativeDietaryConstraint.h; sourceTree = "<group>"; };
		12A690621532B14900A60767 /* QualitativeDietaryConstraint.m */ = {isa = PBXFileReference; fileEncoding = 4; lastKnownFileType = sourcecode.c.objc; path = QualitativeDietaryConstraint.m; sourceTree = "<group>"; };
		12D3B22F15475B6B00BE7760 /* GraphSearch.h */ = {isa = PBXFileReference; fileEncoding = 4; lastKnownFileType = sourcecode.c.h; path = GraphSearch.h; sourceTree = "<group>"; };
		12D3B23015475B6B00BE7760 /* GraphSearch.m */ = {isa = PBXFileReference; fileEncoding = 4; lastKnownFileType = sourcecode.c.objc; path = GraphSearch.m; sourceTree = "<group>"; };
		12D3B23115475B6B00BE7760 /* MealNode.h */ = {isa = PBXFileReference; fileEncoding = 4; lastKnownFileType = sourcecode.c.h; path = MealNode.h; sourceTree = "<group>"; };
		12D3B23215475B6B00BE7760 /* MealNode.m */ = {isa = PBXFileReference; fileEncoding = 4; lastKnownFileType = sourcecode.c.objc; path = MealNode.m; sourceTree = "<group>"; };
		12D3B23A15475CCD00BE7760 /* Diet.h */ = {isa = PBXFileReference; fileEncoding = 4; lastKnownFileType = sourcecode.c.h; path = Diet.h; sourceTree = "<group>"; };
		12D3B23B15475CCD00BE7760 /* Diet.m */ = {isa = PBXFileReference; fileEncoding = 4; lastKnownFileType = sourcecode.c.objc; path = Diet.m; sourceTree = "<group>"; };
		12D3B24015475D3F00BE7760 /* SortedSet.h */ = {isa = PBXFileReference; fileEncoding = 4; lastKnownFileType = sourcecode.c.h; path = SortedSet.h; sourceTree = "<group>"; };
		12D3B24115475D3F00BE7760 /* SortedSet.m */ = {isa = PBXFileReference; fileEncoding = 4; lastKnownFileType = sourcecode.c.objc; path = SortedSet.m; sourceTree = "<group>"; };
/* End PBXFileReference section */

/* Begin PBXFrameworksBuildPhase section */
		1272F28C1521A16600B79652 /* Frameworks */ = {
			isa = PBXFrameworksBuildPhase;
			buildActionMask = 2147483647;
			files = (
				1272F3B515224E1C00B79652 /* CoreData.framework in Frameworks */,
				1272F3B315224E1000B79652 /* CoreLocation.framework in Frameworks */,
				1272F2931521A16700B79652 /* Foundation.framework in Frameworks */,
			);
			runOnlyForDeploymentPostprocessing = 0;
		};
		1272F29B1521A16700B79652 /* Frameworks */ = {
			isa = PBXFrameworksBuildPhase;
			buildActionMask = 2147483647;
			files = (
				1272F3B715224E2E00B79652 /* CoreData.framework in Frameworks */,
				1272F3B615224E2600B79652 /* CoreLocation.framework in Frameworks */,
				1272F2A11521A16700B79652 /* SenTestingKit.framework in Frameworks */,
				1272F2A31521A16700B79652 /* UIKit.framework in Frameworks */,
				1272F2A41521A16700B79652 /* Foundation.framework in Frameworks */,
				1272F2A71521A16700B79652 /* libMealRestaurantLayer.a in Frameworks */,
			);
			runOnlyForDeploymentPostprocessing = 0;
		};
/* End PBXFrameworksBuildPhase section */

/* Begin PBXGroup section */
		123061D61527A2F200CBAC72 /* gui */ = {
			isa = PBXGroup;
			children = (
				123061D81527A30A00CBAC72 /* AnnotationInfo.h */,
				123061D91527A30A00CBAC72 /* StoreAnnotation.h */,
				123061DA1527A30A00CBAC72 /* StoreAnnotation.m */,
			);
			name = gui;
			sourceTree = "<group>";
		};
		1272F2841521A16600B79652 = {
			isa = PBXGroup;
			children = (
				1272F2941521A16700B79652 /* MealRestaurantLayer */,
				1272F2A81521A16700B79652 /* MealRestaurantLayerTests */,
				1272F2911521A16600B79652 /* Frameworks */,
				1272F2901521A16600B79652 /* Products */,
			);
			sourceTree = "<group>";
		};
		1272F2901521A16600B79652 /* Products */ = {
			isa = PBXGroup;
			children = (
				1272F28F1521A16600B79652 /* libMealRestaurantLayer.a */,
				1272F29F1521A16700B79652 /* MealRestaurantLayerTests.octest */,
			);
			name = Products;
			sourceTree = "<group>";
		};
		1272F2911521A16600B79652 /* Frameworks */ = {
			isa = PBXGroup;
			children = (
				1272F3B415224E1C00B79652 /* CoreData.framework */,
				1272F3B215224E1000B79652 /* CoreLocation.framework */,
				1272F2921521A16600B79652 /* Foundation.framework */,
				1272F2A01521A16700B79652 /* SenTestingKit.framework */,
				1272F2A21521A16700B79652 /* UIKit.framework */,
			);
			name = Frameworks;
			sourceTree = "<group>";
		};
		1272F2941521A16700B79652 /* MealRestaurantLayer */ = {
			isa = PBXGroup;
			children = (
				12D3B23F15475D3F00BE7760 /* SortedSet */,
				129B56591538087500CF2F0D /* data */,
				123061D61527A2F200CBAC72 /* gui */,
				1272F2D11521A26800B79652 /* shared */,
				1272F2B91521A23600B79652 /* RestaurantFinder */,
				1272F3051521AA5A00B79652 /* MealLibrary */,
				1272F2971521A16700B79652 /* MealRestaurantLayer.h */,
				1272F2981521A16700B79652 /* MealRestaurantLayer.m */,
				1272F2951521A16700B79652 /* Supporting Files */,
			);
			path = MealRestaurantLayer;
			sourceTree = "<group>";
		};
		1272F2951521A16700B79652 /* Supporting Files */ = {
			isa = PBXGroup;
			children = (
				1272F2961521A16700B79652 /* MealRestaurantLayer-Prefix.pch */,
			);
			name = "Supporting Files";
			sourceTree = "<group>";
		};
		1272F2A81521A16700B79652 /* MealRestaurantLayerTests */ = {
			isa = PBXGroup;
			children = (
				1272F2AE1521A16700B79652 /* MealRestaurantLayerTests.h */,
				1272F2AF1521A16700B79652 /* MealRestaurantLayerTests.m */,
				12994E0D154104C6000011F8 /* meals_only_nutrition.csv */,
				1272F2A91521A16700B79652 /* Supporting Files */,
				1272F3AF1522407F00B79652 /* RestaurantDisambiguatorTests.h */,
				1272F3B01522407F00B79652 /* RestaurantDisambiguatorTests.m */,
			);
			path = MealRestaurantLayerTests;
			sourceTree = "<group>";
		};
		1272F2A91521A16700B79652 /* Supporting Files */ = {
			isa = PBXGroup;
			children = (
				1272F2AA1521A16700B79652 /* MealRestaurantLayerTests-Info.plist */,
				1272F2AB1521A16700B79652 /* InfoPlist.strings */,
			);
			name = "Supporting Files";
			sourceTree = "<group>";
		};
		1272F2B91521A23600B79652 /* RestaurantFinder */ = {
			isa = PBXGroup;
			children = (
				1272F2BA1521A23600B79652 /* implementation */,
				1272F2C11521A23600B79652 /* RestaurantFinder-Prefix.pch */,
				1272F2C21521A23600B79652 /* RestaurantFinder.h */,
				1272F2C31521A23600B79652 /* RestaurantFinder.m */,
			);
			name = RestaurantFinder;
			path = ../../RestaurantFinder/RestaurantFinder;
			sourceTree = "<group>";
		};
		1272F2BA1521A23600B79652 /* implementation */ = {
			isa = PBXGroup;
			children = (
				1272F2BB1521A23600B79652 /* JSONConnection.h */,
				1272F2BC1521A23600B79652 /* JSONConnection.m */,
				1272F2BD1521A23600B79652 /* JSONObjectConverter.h */,
				1272F2BE1521A23600B79652 /* JSONObjectConverter.m */,
				1272F2BF1521A23600B79652 /* RestaurantRequest.h */,
				1272F2C01521A23600B79652 /* RestaurantRequest.m */,
			);
			path = implementation;
			sourceTree = "<group>";
		};
		1272F2D11521A26800B79652 /* shared */ = {
			isa = PBXGroup;
			children = (
				1272F3381521C3A000B79652 /* Meal.h */,
				1272F3391521C3A000B79652 /* Meal.m */,
				1272F2D21521A26800B79652 /* BatchTask.h */,
				1272F2D31521A26800B79652 /* BatchTask.m */,
				1272F2D41521A26800B79652 /* BatchTaskScheduler.h */,
				1272F2D51521A26800B79652 /* BatchTaskScheduler.m */,
				1272F2D61521A26800B79652 /* Restaurant.h */,
				1272F2D71521A26800B79652 /* Restaurant.m */,
				1272F3A915223C6700B79652 /* RestaurantDisambiguator.h */,
				1272F3AA15223C6700B79652 /* RestaurantDisambiguator.m */,
			);
			name = shared;
			path = ../../shared;
			sourceTree = "<group>";
		};
		1272F3051521AA5A00B79652 /* MealLibrary */ = {
			isa = PBXGroup;
			children = (
				1272F3061521AA5A00B79652 /* DataStore */,
				1272F3101521AA5A00B79652 /* MealGenerator */,
				1272F3131521AA5A00B79652 /* MealLibrary-Prefix.pch */,
				1272F3141521AA5A00B79652 /* MealLibrary.h */,
				1272F3151521AA5A00B79652 /* MealLibrary.m */,
			);
			name = MealLibrary;
			path = ../../MealLibrary/MealLibrary;
			sourceTree = "<group>";
		};
		1272F3061521AA5A00B79652 /* DataStore */ = {
			isa = PBXGroup;
			children = (
				1272F3071521AA5A00B79652 /* DataModel.xcdatamodeld */,
				1272F3091521AA5A00B79652 /* DataStore.h */,
				1272F30A1521AA5A00B79652 /* DataStore.m */,
				12994E0715410459000011F8 /* StaticDataStore.h */,
				12994E0815410459000011F8 /* StaticDataStore.m */,
				1272F30B1521AA5A00B79652 /* DataStoreSeed.h */,
				1272F30C1521AA5A00B79652 /* DietaryConstraint.h */,
				1272F30D1521AA5A00B79652 /* DietaryConstraint.m */,
				12D3B23A15475CCD00BE7760 /* Diet.h */,
				12D3B23B15475CCD00BE7760 /* Diet.m */,
				1272F30E1521AA5A00B79652 /* MenuItem.h */,
				1272F30F1521AA5A00B79652 /* MenuItem.m */,
				12A690611532B14900A60767 /* QualitativeDietaryConstraint.h */,
				12A690621532B14900A60767 /* QualitativeDietaryConstraint.m */,
			);
			path = DataStore;
			sourceTree = "<group>";
		};
		1272F3101521AA5A00B79652 /* MealGenerator */ = {
			isa = PBXGroup;
			children = (
				1272F3111521AA5A00B79652 /* MealGenerator.h */,
				1272F3121521AA5A00B79652 /* MealGenerator.m */,
				12D3B22F15475B6B00BE7760 /* GraphSearch.h */,
				12D3B23015475B6B00BE7760 /* GraphSearch.m */,
				12D3B23115475B6B00BE7760 /* MealNode.h */,
				12D3B23215475B6B00BE7760 /* MealNode.m */,
			);
			path = MealGenerator;
			sourceTree = "<group>";
		};
		129B56591538087500CF2F0D /* data */ = {
			isa = PBXGroup;
			children = (
				129B565A1538087500CF2F0D /* chain_nutrition.csv */,
				129B565B1538087500CF2F0D /* MealLibrary.sqlite */,
			);
			name = data;
			path = ../../../../resources/data;
			sourceTree = "<group>";
		};
		12D3B23F15475D3F00BE7760 /* SortedSet */ = {
			isa = PBXGroup;
			children = (
				12D3B24015475D3F00BE7760 /* SortedSet.h */,
				12D3B24115475D3F00BE7760 /* SortedSet.m */,
			);
			name = SortedSet;
			path = ../../../external/SortedSet;
			sourceTree = "<group>";
		};
/* End PBXGroup section */

/* Begin PBXHeadersBuildPhase section */
		1272F28D1521A16600B79652 /* Headers */ = {
			isa = PBXHeadersBuildPhase;
			buildActionMask = 2147483647;
			files = (
				1272F2C41521A23600B79652 /* JSONConnection.h in Headers */,
				1272F2C71521A23600B79652 /* JSONObjectConverter.h in Headers */,
				1272F2CA1521A23600B79652 /* RestaurantRequest.h in Headers */,
				1272F2CD1521A23600B79652 /* RestaurantFinder-Prefix.pch in Headers */,
				1272F2CE1521A23600B79652 /* RestaurantFinder.h in Headers */,
				1272F2D81521A26800B79652 /* BatchTask.h in Headers */,
				1272F2DB1521A26800B79652 /* BatchTaskScheduler.h in Headers */,
				1272F2DE1521A26800B79652 /* Restaurant.h in Headers */,
				1272F3181521AA5A00B79652 /* DataStore.h in Headers */,
				1272F31B1521AA5A00B79652 /* DataStoreSeed.h in Headers */,
				1272F31C1521AA5A00B79652 /* DietaryConstraint.h in Headers */,
				1272F31F1521AA5A00B79652 /* MenuItem.h in Headers */,
				1272F3221521AA5A00B79652 /* MealGenerator.h in Headers */,
				1272F3251521AA5A00B79652 /* MealLibrary-Prefix.pch in Headers */,
				1272F3261521AA5A00B79652 /* MealLibrary.h in Headers */,
				1272F33A1521C3A000B79652 /* Meal.h in Headers */,
				1272F3AB15223C6800B79652 /* RestaurantDisambiguator.h in Headers */,
				123061DB1527A30A00CBAC72 /* AnnotationInfo.h in Headers */,
				123061DC1527A30A00CBAC72 /* StoreAnnotation.h in Headers */,
				12A690631532B14900A60767 /* QualitativeDietaryConstraint.h in Headers */,
				12994E0915410459000011F8 /* StaticDataStore.h in Headers */,
				12D3B23315475B6B00BE7760 /* GraphSearch.h in Headers */,
				12D3B23615475B6B00BE7760 /* MealNode.h in Headers */,
				12D3B23C15475CCD00BE7760 /* Diet.h in Headers */,
				12D3B24215475D3F00BE7760 /* SortedSet.h in Headers */,
			);
			runOnlyForDeploymentPostprocessing = 0;
		};
/* End PBXHeadersBuildPhase section */

/* Begin PBXNativeTarget section */
		1272F28E1521A16600B79652 /* MealRestaurantLayer */ = {
			isa = PBXNativeTarget;
			buildConfigurationList = 1272F2B31521A16700B79652 /* Build configuration list for PBXNativeTarget "MealRestaurantLayer" */;
			buildPhases = (
				1272F28B1521A16600B79652 /* Sources */,
				1272F28C1521A16600B79652 /* Frameworks */,
				1272F28D1521A16600B79652 /* Headers */,
			);
			buildRules = (
			);
			dependencies = (
			);
			name = MealRestaurantLayer;
			productName = MealRestaurantLayer;
			productReference = 1272F28F1521A16600B79652 /* libMealRestaurantLayer.a */;
			productType = "com.apple.product-type.library.static";
		};
		1272F29E1521A16700B79652 /* MealRestaurantLayerTests */ = {
			isa = PBXNativeTarget;
			buildConfigurationList = 1272F2B61521A16700B79652 /* Build configuration list for PBXNativeTarget "MealRestaurantLayerTests" */;
			buildPhases = (
				1272F29A1521A16700B79652 /* Sources */,
				1272F29B1521A16700B79652 /* Frameworks */,
				1272F29C1521A16700B79652 /* Resources */,
				1272F29D1521A16700B79652 /* ShellScript */,
			);
			buildRules = (
			);
			dependencies = (
				1272F2A61521A16700B79652 /* PBXTargetDependency */,
			);
			name = MealRestaurantLayerTests;
			productName = MealRestaurantLayerTests;
			productReference = 1272F29F1521A16700B79652 /* MealRestaurantLayerTests.octest */;
			productType = "com.apple.product-type.bundle";
		};
/* End PBXNativeTarget section */

/* Begin PBXProject section */
		1272F2861521A16600B79652 /* Project object */ = {
			isa = PBXProject;
			attributes = {
				LastUpgradeCheck = 0430;
			};
			buildConfigurationList = 1272F2891521A16600B79652 /* Build configuration list for PBXProject "MealRestaurantLayer" */;
			compatibilityVersion = "Xcode 3.2";
			developmentRegion = English;
			hasScannedForEncodings = 0;
			knownRegions = (
				en,
			);
			mainGroup = 1272F2841521A16600B79652;
			productRefGroup = 1272F2901521A16600B79652 /* Products */;
			projectDirPath = "";
			projectRoot = "";
			targets = (
				1272F28E1521A16600B79652 /* MealRestaurantLayer */,
				1272F29E1521A16700B79652 /* MealRestaurantLayerTests */,
			);
		};
/* End PBXProject section */

/* Begin PBXResourcesBuildPhase section */
		1272F29C1521A16700B79652 /* Resources */ = {
			isa = PBXResourcesBuildPhase;
			buildActionMask = 2147483647;
			files = (
				1272F2AD1521A16700B79652 /* InfoPlist.strings in Resources */,
				129B565C1538087500CF2F0D /* chain_nutrition.csv in Resources */,
				129B565D1538087500CF2F0D /* MealLibrary.sqlite in Resources */,
				12994E0E154104C6000011F8 /* meals_only_nutrition.csv in Resources */,
			);
			runOnlyForDeploymentPostprocessing = 0;
		};
/* End PBXResourcesBuildPhase section */

/* Begin PBXShellScriptBuildPhase section */
		1272F29D1521A16700B79652 /* ShellScript */ = {
			isa = PBXShellScriptBuildPhase;
			buildActionMask = 2147483647;
			files = (
			);
			inputPaths = (
			);
			outputPaths = (
			);
			runOnlyForDeploymentPostprocessing = 0;
			shellPath = /bin/sh;
			shellScript = "# Run the unit tests in this test bundle.\n\"${SYSTEM_DEVELOPER_DIR}/Tools/RunUnitTests\"\n";
		};
/* End PBXShellScriptBuildPhase section */

/* Begin PBXSourcesBuildPhase section */
		1272F28B1521A16600B79652 /* Sources */ = {
			isa = PBXSourcesBuildPhase;
			buildActionMask = 2147483647;
			files = (
				1272F2991521A16700B79652 /* MealRestaurantLayer.m in Sources */,
				1272F2C51521A23600B79652 /* JSONConnection.m in Sources */,
				1272F2C81521A23600B79652 /* JSONObjectConverter.m in Sources */,
				1272F2CB1521A23600B79652 /* RestaurantRequest.m in Sources */,
				1272F2CF1521A23600B79652 /* RestaurantFinder.m in Sources */,
				1272F2D91521A26800B79652 /* BatchTask.m in Sources */,
				1272F2DC1521A26800B79652 /* BatchTaskScheduler.m in Sources */,
				1272F2DF1521A26800B79652 /* Restaurant.m in Sources */,
				1272F3161521AA5A00B79652 /* DataModel.xcdatamodeld in Sources */,
				1272F3191521AA5A00B79652 /* DataStore.m in Sources */,
				1272F31D1521AA5A00B79652 /* DietaryConstraint.m in Sources */,
				1272F3201521AA5A00B79652 /* MenuItem.m in Sources */,
				1272F3231521AA5A00B79652 /* MealGenerator.m in Sources */,
				1272F3271521AA5A00B79652 /* MealLibrary.m in Sources */,
				1272F33B1521C3A000B79652 /* Meal.m in Sources */,
				1272F3AC15223C6800B79652 /* RestaurantDisambiguator.m in Sources */,
				123061DD1527A30A00CBAC72 /* StoreAnnotation.m in Sources */,
				12A690641532B14900A60767 /* QualitativeDietaryConstraint.m in Sources */,
				12994E0A15410459000011F8 /* StaticDataStore.m in Sources */,
				12D3B23415475B6B00BE7760 /* GraphSearch.m in Sources */,
				12D3B23715475B6B00BE7760 /* MealNode.m in Sources */,
				12D3B23D15475CCD00BE7760 /* Diet.m in Sources */,
				12D3B24315475D3F00BE7760 /* SortedSet.m in Sources */,
			);
			runOnlyForDeploymentPostprocessing = 0;
		};
		1272F29A1521A16700B79652 /* Sources */ = {
			isa = PBXSourcesBuildPhase;
			buildActionMask = 2147483647;
			files = (
				1272F2B01521A16700B79652 /* MealRestaurantLayerTests.m in Sources */,
				1272F2C61521A23600B79652 /* JSONConnection.m in Sources */,
				1272F2C91521A23600B79652 /* JSONObjectConverter.m in Sources */,
				1272F2CC1521A23600B79652 /* RestaurantRequest.m in Sources */,
				1272F2D01521A23600B79652 /* RestaurantFinder.m in Sources */,
				1272F2DA1521A26800B79652 /* BatchTask.m in Sources */,
				1272F2DD1521A26800B79652 /* BatchTaskScheduler.m in Sources */,
				1272F2E01521A26800B79652 /* Restaurant.m in Sources */,
				1272F3171521AA5A00B79652 /* DataModel.xcdatamodeld in Sources */,
				1272F31A1521AA5A00B79652 /* DataStore.m in Sources */,
				1272F31E1521AA5A00B79652 /* DietaryConstraint.m in Sources */,
				1272F3211521AA5A00B79652 /* MenuItem.m in Sources */,
				1272F3241521AA5A00B79652 /* MealGenerator.m in Sources */,
				1272F3281521AA5A00B79652 /* MealLibrary.m in Sources */,
				1272F33C1521C3A000B79652 /* Meal.m in Sources */,
				1272F3AD15223C6800B79652 /* RestaurantDisambiguator.m in Sources */,
				1272F3B11522407F00B79652 /* RestaurantDisambiguatorTests.m in Sources */,
				123061DE1527A30A00CBAC72 /* StoreAnnotation.m in Sources */,
				12A690651532B14900A60767 /* QualitativeDietaryConstraint.m in Sources */,
				12994E0B15410459000011F8 /* StaticDataStore.m in Sources */,
				12D3B23515475B6B00BE7760 /* GraphSearch.m in Sources */,
				12D3B23815475B6B00BE7760 /* MealNode.m in Sources */,
				12D3B23E15475CCD00BE7760 /* Diet.m in Sources */,
				12D3B24415475D3F00BE7760 /* SortedSet.m in Sources */,
			);
			runOnlyForDeploymentPostprocessing = 0;
		};
/* End PBXSourcesBuildPhase section */

/* Begin PBXTargetDependency section */
		1272F2A61521A16700B79652 /* PBXTargetDependency */ = {
			isa = PBXTargetDependency;
			target = 1272F28E1521A16600B79652 /* MealRestaurantLayer */;
			targetProxy = 1272F2A51521A16700B79652 /* PBXContainerItemProxy */;
		};
/* End PBXTargetDependency section */

/* Begin PBXVariantGroup section */
		1272F2AB1521A16700B79652 /* InfoPlist.strings */ = {
			isa = PBXVariantGroup;
			children = (
				1272F2AC1521A16700B79652 /* en */,
			);
			name = InfoPlist.strings;
			sourceTree = "<group>";
		};
/* End PBXVariantGroup section */

/* Begin XCBuildConfiguration section */
		1272F2B11521A16700B79652 /* Debug */ = {
			isa = XCBuildConfiguration;
			buildSettings = {
				ALWAYS_SEARCH_USER_PATHS = NO;
				ARCHS = "$(ARCHS_STANDARD_32_BIT)";
				COPY_PHASE_STRIP = NO;
				GCC_C_LANGUAGE_STANDARD = gnu99;
				GCC_DYNAMIC_NO_PIC = NO;
				GCC_OPTIMIZATION_LEVEL = 0;
				GCC_PREPROCESSOR_DEFINITIONS = (
					"DEBUG=1",
					"$(inherited)",
				);
				GCC_SYMBOLS_PRIVATE_EXTERN = NO;
				GCC_VERSION = com.apple.compilers.llvm.clang.1_0;
				GCC_WARN_ABOUT_RETURN_TYPE = YES;
				GCC_WARN_UNINITIALIZED_AUTOS = YES;
				GCC_WARN_UNUSED_VARIABLE = YES;
				IPHONEOS_DEPLOYMENT_TARGET = 5.1;
				SDKROOT = iphoneos;
			};
			name = Debug;
		};
		1272F2B21521A16700B79652 /* Release */ = {
			isa = XCBuildConfiguration;
			buildSettings = {
				ALWAYS_SEARCH_USER_PATHS = NO;
				ARCHS = "$(ARCHS_STANDARD_32_BIT)";
				COPY_PHASE_STRIP = YES;
				GCC_C_LANGUAGE_STANDARD = gnu99;
				GCC_VERSION = com.apple.compilers.llvm.clang.1_0;
				GCC_WARN_ABOUT_RETURN_TYPE = YES;
				GCC_WARN_UNINITIALIZED_AUTOS = YES;
				GCC_WARN_UNUSED_VARIABLE = YES;
				IPHONEOS_DEPLOYMENT_TARGET = 5.1;
				SDKROOT = iphoneos;
				VALIDATE_PRODUCT = YES;
			};
			name = Release;
		};
		1272F2B41521A16700B79652 /* Debug */ = {
			isa = XCBuildConfiguration;
			buildSettings = {
				DSTROOT = /tmp/MealRestaurantLayer.dst;
				GCC_PRECOMPILE_PREFIX_HEADER = YES;
				GCC_PREFIX_HEADER = "MealRestaurantLayer/MealRestaurantLayer-Prefix.pch";
				OTHER_LDFLAGS = "-ObjC";
				PRODUCT_NAME = "$(TARGET_NAME)";
				SKIP_INSTALL = YES;
			};
			name = Debug;
		};
		1272F2B51521A16700B79652 /* Release */ = {
			isa = XCBuildConfiguration;
			buildSettings = {
				DSTROOT = /tmp/MealRestaurantLayer.dst;
				GCC_PRECOMPILE_PREFIX_HEADER = YES;
				GCC_PREFIX_HEADER = "MealRestaurantLayer/MealRestaurantLayer-Prefix.pch";
				OTHER_LDFLAGS = "-ObjC";
				PRODUCT_NAME = "$(TARGET_NAME)";
				SKIP_INSTALL = YES;
			};
			name = Release;
		};
		1272F2B71521A16700B79652 /* Debug */ = {
			isa = XCBuildConfiguration;
			buildSettings = {
				FRAMEWORK_SEARCH_PATHS = (
					"$(SDKROOT)/Developer/Library/Frameworks",
					"$(DEVELOPER_LIBRARY_DIR)/Frameworks",
				);
				GCC_PRECOMPILE_PREFIX_HEADER = YES;
				GCC_PREFIX_HEADER = "MealRestaurantLayer/MealRestaurantLayer-Prefix.pch";
				INFOPLIST_FILE = "MealRestaurantLayerTests/MealRestaurantLayerTests-Info.plist";
				PRODUCT_NAME = "$(TARGET_NAME)";
				WRAPPER_EXTENSION = octest;
			};
			name = Debug;
		};
		1272F2B81521A16700B79652 /* Release */ = {
			isa = XCBuildConfiguration;
			buildSettings = {
				FRAMEWORK_SEARCH_PATHS = (
					"$(SDKROOT)/Developer/Library/Frameworks",
					"$(DEVELOPER_LIBRARY_DIR)/Frameworks",
				);
				GCC_PRECOMPILE_PREFIX_HEADER = YES;
				GCC_PREFIX_HEADER = "MealRestaurantLayer/MealRestaurantLayer-Prefix.pch";
				INFOPLIST_FILE = "MealRestaurantLayerTests/MealRestaurantLayerTests-Info.plist";
				PRODUCT_NAME = "$(TARGET_NAME)";
				WRAPPER_EXTENSION = octest;
			};
			name = Release;
		};
/* End XCBuildConfiguration section */

/* Begin XCConfigurationList section */
		1272F2891521A16600B79652 /* Build configuration list for PBXProject "MealRestaurantLayer" */ = {
			isa = XCConfigurationList;
			buildConfigurations = (
				1272F2B11521A16700B79652 /* Debug */,
				1272F2B21521A16700B79652 /* Release */,
			);
			defaultConfigurationIsVisible = 0;
			defaultConfigurationName = Release;
		};
		1272F2B31521A16700B79652 /* Build configuration list for PBXNativeTarget "MealRestaurantLayer" */ = {
			isa = XCConfigurationList;
			buildConfigurations = (
				1272F2B41521A16700B79652 /* Debug */,
				1272F2B51521A16700B79652 /* Release */,
			);
			defaultConfigurationIsVisible = 0;
			defaultConfigurationName = Release;
		};
		1272F2B61521A16700B79652 /* Build configuration list for PBXNativeTarget "MealRestaurantLayerTests" */ = {
			isa = XCConfigurationList;
			buildConfigurations = (
				1272F2B71521A16700B79652 /* Debug */,
				1272F2B81521A16700B79652 /* Release */,
			);
			defaultConfigurationIsVisible = 0;
			defaultConfigurationName = Release;
		};
/* End XCConfigurationList section */

/* Begin XCVersionGroup section */
		1272F3071521AA5A00B79652 /* DataModel.xcdatamodeld */ = {
			isa = XCVersionGroup;
			children = (
				1272F3081521AA5A00B79652 /* DataModel.xcdatamodel */,
			);
			currentVersion = 1272F3081521AA5A00B79652 /* DataModel.xcdatamodel */;
			path = DataModel.xcdatamodeld;
			sourceTree = "<group>";
			versionGroupType = wrapper.xcdatamodel;
		};
/* End XCVersionGroup section */
	};
	rootObject = 1272F2861521A16600B79652 /* Project object */;
}
